// !$*UTF8*$!
{
	archiveVersion = 1;
	classes = {
	};
	objectVersion = 50;
	objects = {

/* Begin PBXBuildFile section */
		675AF3CA8E56CD0A13CA30E9 /* libPods-YouDianAd.a in Frameworks */ = {isa = PBXBuildFile; fileRef = 88BEE7E93C9A9B8D1CDCFDAE /* libPods-YouDianAd.a */; };
		CBE7635121C09D3D0021DD70 /* AppDelegate.m in Sources */ = {isa = PBXBuildFile; fileRef = CBE7635021C09D3D0021DD70 /* AppDelegate.m */; };
		CBE7635921C09D3E0021DD70 /* Assets.xcassets in Resources */ = {isa = PBXBuildFile; fileRef = CBE7635821C09D3E0021DD70 /* Assets.xcassets */; };
		CBE7635F21C09D3F0021DD70 /* main.m in Sources */ = {isa = PBXBuildFile; fileRef = CBE7635E21C09D3F0021DD70 /* main.m */; };
		CBE7636921C09D3F0021DD70 /* YouDianAdTests.m in Sources */ = {isa = PBXBuildFile; fileRef = CBE7636821C09D3F0021DD70 /* YouDianAdTests.m */; };
		CBE7637421C09D3F0021DD70 /* YouDianAdUITests.m in Sources */ = {isa = PBXBuildFile; fileRef = CBE7637321C09D3F0021DD70 /* YouDianAdUITests.m */; };
		CBE7638321C0A2EB0021DD70 /* MainViewController.m in Sources */ = {isa = PBXBuildFile; fileRef = CBE7638221C0A2EB0021DD70 /* MainViewController.m */; };
		CBE7638721C0AA980021DD70 /* icon.png in Resources */ = {isa = PBXBuildFile; fileRef = CBE7638621C0AA980021DD70 /* icon.png */; };
		CBE7639021C0B79F0021DD70 /* YDUser.m in Sources */ = {isa = PBXBuildFile; fileRef = CBE7638F21C0B79F0021DD70 /* YDUser.m */; };
		CBE7639321C0D7FF0021DD70 /* HttpManager.m in Sources */ = {isa = PBXBuildFile; fileRef = CBE7639221C0D7FF0021DD70 /* HttpManager.m */; };
/* End PBXBuildFile section */

/* Begin PBXContainerItemProxy section */
		CBE7636521C09D3F0021DD70 /* PBXContainerItemProxy */ = {
			isa = PBXContainerItemProxy;
			containerPortal = CBE7634421C09D3C0021DD70 /* Project object */;
			proxyType = 1;
			remoteGlobalIDString = CBE7634B21C09D3C0021DD70;
			remoteInfo = YouDianAd;
		};
		CBE7637021C09D3F0021DD70 /* PBXContainerItemProxy */ = {
			isa = PBXContainerItemProxy;
			containerPortal = CBE7634421C09D3C0021DD70 /* Project object */;
			proxyType = 1;
			remoteGlobalIDString = CBE7634B21C09D3C0021DD70;
			remoteInfo = YouDianAd;
		};
/* End PBXContainerItemProxy section */

/* Begin PBXFileReference section */
		1AFD9DE2F13927942836AE5F /* Pods-YouDianAd.release.xcconfig */ = {isa = PBXFileReference; includeInIndex = 1; lastKnownFileType = text.xcconfig; name = "Pods-YouDianAd.release.xcconfig"; path = "Pods/Target Support Files/Pods-YouDianAd/Pods-YouDianAd.release.xcconfig"; sourceTree = "<group>"; };
		755085D052EA9F8525D1BCD0 /* libPods-YouDianAdTests.a */ = {isa = PBXFileReference; explicitFileType = archive.ar; includeInIndex = 0; path = "libPods-YouDianAdTests.a"; sourceTree = BUILT_PRODUCTS_DIR; };
		88BEE7E93C9A9B8D1CDCFDAE /* libPods-YouDianAd.a */ = {isa = PBXFileReference; explicitFileType = archive.ar; includeInIndex = 0; path = "libPods-YouDianAd.a"; sourceTree = BUILT_PRODUCTS_DIR; };
		CBE7634C21C09D3C0021DD70 /* YouDianAd.app */ = {isa = PBXFileReference; explicitFileType = wrapper.application; includeInIndex = 0; path = YouDianAd.app; sourceTree = BUILT_PRODUCTS_DIR; };
		CBE7634F21C09D3D0021DD70 /* AppDelegate.h */ = {isa = PBXFileReference; lastKnownFileType = sourcecode.c.h; path = AppDelegate.h; sourceTree = "<group>"; };
		CBE7635021C09D3D0021DD70 /* AppDelegate.m */ = {isa = PBXFileReference; lastKnownFileType = sourcecode.c.objc; path = AppDelegate.m; sourceTree = "<group>"; };
		CBE7635821C09D3E0021DD70 /* Assets.xcassets */ = {isa = PBXFileReference; lastKnownFileType = folder.assetcatalog; path = Assets.xcassets; sourceTree = "<group>"; };
		CBE7635D21C09D3F0021DD70 /* Info.plist */ = {isa = PBXFileReference; lastKnownFileType = text.plist.xml; path = Info.plist; sourceTree = "<group>"; };
		CBE7635E21C09D3F0021DD70 /* main.m */ = {isa = PBXFileReference; lastKnownFileType = sourcecode.c.objc; path = main.m; sourceTree = "<group>"; };
		CBE7636421C09D3F0021DD70 /* YouDianAdTests.xctest */ = {isa = PBXFileReference; explicitFileType = wrapper.cfbundle; includeInIndex = 0; path = YouDianAdTests.xctest; sourceTree = BUILT_PRODUCTS_DIR; };
		CBE7636821C09D3F0021DD70 /* YouDianAdTests.m */ = {isa = PBXFileReference; lastKnownFileType = sourcecode.c.objc; path = YouDianAdTests.m; sourceTree = "<group>"; };
		CBE7636A21C09D3F0021DD70 /* Info.plist */ = {isa = PBXFileReference; lastKnownFileType = text.plist.xml; path = Info.plist; sourceTree = "<group>"; };
		CBE7636F21C09D3F0021DD70 /* YouDianAdUITests.xctest */ = {isa = PBXFileReference; explicitFileType = wrapper.cfbundle; includeInIndex = 0; path = YouDianAdUITests.xctest; sourceTree = BUILT_PRODUCTS_DIR; };
		CBE7637321C09D3F0021DD70 /* YouDianAdUITests.m */ = {isa = PBXFileReference; lastKnownFileType = sourcecode.c.objc; path = YouDianAdUITests.m; sourceTree = "<group>"; };
		CBE7637521C09D3F0021DD70 /* Info.plist */ = {isa = PBXFileReference; lastKnownFileType = text.plist.xml; path = Info.plist; sourceTree = "<group>"; };
		CBE7638121C0A2EB0021DD70 /* MainViewController.h */ = {isa = PBXFileReference; lastKnownFileType = sourcecode.c.h; path = MainViewController.h; sourceTree = "<group>"; };
		CBE7638221C0A2EB0021DD70 /* MainViewController.m */ = {isa = PBXFileReference; lastKnownFileType = sourcecode.c.objc; path = MainViewController.m; sourceTree = "<group>"; };
		CBE7638421C0A4700021DD70 /* YouDian.pch */ = {isa = PBXFileReference; lastKnownFileType = sourcecode.c.h; path = YouDian.pch; sourceTree = "<group>"; };
		CBE7638621C0AA980021DD70 /* icon.png */ = {isa = PBXFileReference; lastKnownFileType = image.png; path = icon.png; sourceTree = "<group>"; };
		CBE7638E21C0B79F0021DD70 /* YDUser.h */ = {isa = PBXFileReference; lastKnownFileType = sourcecode.c.h; path = YDUser.h; sourceTree = "<group>"; };
		CBE7638F21C0B79F0021DD70 /* YDUser.m */ = {isa = PBXFileReference; lastKnownFileType = sourcecode.c.objc; path = YDUser.m; sourceTree = "<group>"; };
		CBE7639121C0D7FF0021DD70 /* HttpManager.h */ = {isa = PBXFileReference; lastKnownFileType = sourcecode.c.h; path = HttpManager.h; sourceTree = "<group>"; };
		CBE7639221C0D7FF0021DD70 /* HttpManager.m */ = {isa = PBXFileReference; lastKnownFileType = sourcecode.c.objc; path = HttpManager.m; sourceTree = "<group>"; };
		DF929B56161CC20FD071EEAD /* Pods-YouDianAd.debug.xcconfig */ = {isa = PBXFileReference; includeInIndex = 1; lastKnownFileType = text.xcconfig; name = "Pods-YouDianAd.debug.xcconfig"; path = "Pods/Target Support Files/Pods-YouDianAd/Pods-YouDianAd.debug.xcconfig"; sourceTree = "<group>"; };
		EF6B412D42880DC151A55A4A /* libPods-YouDianAdUITests.a */ = {isa = PBXFileReference; explicitFileType = archive.ar; includeInIndex = 0; path = "libPods-YouDianAdUITests.a"; sourceTree = BUILT_PRODUCTS_DIR; };
/* End PBXFileReference section */

/* Begin PBXFrameworksBuildPhase section */
		CBE7634921C09D3C0021DD70 /* Frameworks */ = {
			isa = PBXFrameworksBuildPhase;
			buildActionMask = 2147483647;
			files = (
				675AF3CA8E56CD0A13CA30E9 /* libPods-YouDianAd.a in Frameworks */,
			);
			runOnlyForDeploymentPostprocessing = 0;
		};
		CBE7636121C09D3F0021DD70 /* Frameworks */ = {
			isa = PBXFrameworksBuildPhase;
			buildActionMask = 2147483647;
			files = (
			);
			runOnlyForDeploymentPostprocessing = 0;
		};
		CBE7636C21C09D3F0021DD70 /* Frameworks */ = {
			isa = PBXFrameworksBuildPhase;
			buildActionMask = 2147483647;
			files = (
			);
			runOnlyForDeploymentPostprocessing = 0;
		};
/* End PBXFrameworksBuildPhase section */

/* Begin PBXGroup section */
		8CFE250BF8B0CF275A82FEA8 /* Frameworks */ = {
			isa = PBXGroup;
			children = (
				88BEE7E93C9A9B8D1CDCFDAE /* libPods-YouDianAd.a */,
				755085D052EA9F8525D1BCD0 /* libPods-YouDianAdTests.a */,
				EF6B412D42880DC151A55A4A /* libPods-YouDianAdUITests.a */,
			);
			name = Frameworks;
			sourceTree = "<group>";
		};
		A3A2228C47132F6A91E223AF /* Pods */ = {
			isa = PBXGroup;
			children = (
				DF929B56161CC20FD071EEAD /* Pods-YouDianAd.debug.xcconfig */,
				1AFD9DE2F13927942836AE5F /* Pods-YouDianAd.release.xcconfig */,
			);
			name = Pods;
			sourceTree = "<group>";
		};
		CBE7634321C09D3C0021DD70 = {
			isa = PBXGroup;
			children = (
				CBE7634E21C09D3C0021DD70 /* YouDianAd */,
				CBE7638A21C0B2460021DD70 /* Controllers */,
				CBE7638821C0B1250021DD70 /* Model */,
				CBE7638921C0B13E0021DD70 /* View */,
				CBE7638521C0AA880021DD70 /* Resource */,
				CBE7636721C09D3F0021DD70 /* YouDianAdTests */,
				CBE7637221C09D3F0021DD70 /* YouDianAdUITests */,
				CBE7634D21C09D3C0021DD70 /* Products */,
				A3A2228C47132F6A91E223AF /* Pods */,
				8CFE250BF8B0CF275A82FEA8 /* Frameworks */,
			);
			sourceTree = "<group>";
		};
		CBE7634D21C09D3C0021DD70 /* Products */ = {
			isa = PBXGroup;
			children = (
				CBE7634C21C09D3C0021DD70 /* YouDianAd.app */,
				CBE7636421C09D3F0021DD70 /* YouDianAdTests.xctest */,
				CBE7636F21C09D3F0021DD70 /* YouDianAdUITests.xctest */,
			);
			name = Products;
			sourceTree = "<group>";
		};
		CBE7634E21C09D3C0021DD70 /* YouDianAd */ = {
			isa = PBXGroup;
			children = (
				CBE7634F21C09D3D0021DD70 /* AppDelegate.h */,
				CBE7635021C09D3D0021DD70 /* AppDelegate.m */,
				CBE7638121C0A2EB0021DD70 /* MainViewController.h */,
				CBE7638221C0A2EB0021DD70 /* MainViewController.m */,
				CBE7635821C09D3E0021DD70 /* Assets.xcassets */,
				CBE7635D21C09D3F0021DD70 /* Info.plist */,
				CBE7638421C0A4700021DD70 /* YouDian.pch */,
				CBE7635E21C09D3F0021DD70 /* main.m */,
			);
			path = YouDianAd;
			sourceTree = "<group>";
		};
		CBE7636721C09D3F0021DD70 /* YouDianAdTests */ = {
			isa = PBXGroup;
			children = (
				CBE7636821C09D3F0021DD70 /* YouDianAdTests.m */,
				CBE7636A21C09D3F0021DD70 /* Info.plist */,
			);
			path = YouDianAdTests;
			sourceTree = "<group>";
		};
		CBE7637221C09D3F0021DD70 /* YouDianAdUITests */ = {
			isa = PBXGroup;
			children = (
				CBE7637321C09D3F0021DD70 /* YouDianAdUITests.m */,
				CBE7637521C09D3F0021DD70 /* Info.plist */,
			);
			path = YouDianAdUITests;
			sourceTree = "<group>";
		};
		CBE7638521C0AA880021DD70 /* Resource */ = {
			isa = PBXGroup;
			children = (
				CBE7638621C0AA980021DD70 /* icon.png */,
			);
			path = Resource;
			sourceTree = "<group>";
		};
		CBE7638821C0B1250021DD70 /* Model */ = {
			isa = PBXGroup;
			children = (
				CBE7638E21C0B79F0021DD70 /* YDUser.h */,
				CBE7638F21C0B79F0021DD70 /* YDUser.m */,
				CBE7639121C0D7FF0021DD70 /* HttpManager.h */,
				CBE7639221C0D7FF0021DD70 /* HttpManager.m */,
			);
			path = Model;
			sourceTree = "<group>";
		};
		CBE7638921C0B13E0021DD70 /* View */ = {
			isa = PBXGroup;
			children = (
			);
			path = View;
			sourceTree = "<group>";
		};
		CBE7638A21C0B2460021DD70 /* Controllers */ = {
			isa = PBXGroup;
			children = (
			);
			path = Controllers;
			sourceTree = "<group>";
		};
/* End PBXGroup section */

/* Begin PBXNativeTarget section */
		CBE7634B21C09D3C0021DD70 /* YouDianAd */ = {
			isa = PBXNativeTarget;
			buildConfigurationList = CBE7637821C09D3F0021DD70 /* Build configuration list for PBXNativeTarget "YouDianAd" */;
			buildPhases = (
				F4D5E57C0E0DD8FB03F56CF1 /* [CP] Check Pods Manifest.lock */,
				CBE7634821C09D3C0021DD70 /* Sources */,
				CBE7634921C09D3C0021DD70 /* Frameworks */,
				CBE7634A21C09D3C0021DD70 /* Resources */,
				DE620D23EC130332D494E1AD /* [CP] Copy Pods Resources */,
			);
			buildRules = (
			);
			dependencies = (
			);
			name = YouDianAd;
			productName = YouDianAd;
			productReference = CBE7634C21C09D3C0021DD70 /* YouDianAd.app */;
			productType = "com.apple.product-type.application";
		};
		CBE7636321C09D3F0021DD70 /* YouDianAdTests */ = {
			isa = PBXNativeTarget;
			buildConfigurationList = CBE7637B21C09D3F0021DD70 /* Build configuration list for PBXNativeTarget "YouDianAdTests" */;
			buildPhases = (
				CBE7636021C09D3F0021DD70 /* Sources */,
				CBE7636121C09D3F0021DD70 /* Frameworks */,
				CBE7636221C09D3F0021DD70 /* Resources */,
			);
			buildRules = (
			);
			dependencies = (
				CBE7636621C09D3F0021DD70 /* PBXTargetDependency */,
			);
			name = YouDianAdTests;
			productName = YouDianAdTests;
			productReference = CBE7636421C09D3F0021DD70 /* YouDianAdTests.xctest */;
			productType = "com.apple.product-type.bundle.unit-test";
		};
		CBE7636E21C09D3F0021DD70 /* YouDianAdUITests */ = {
			isa = PBXNativeTarget;
			buildConfigurationList = CBE7637E21C09D3F0021DD70 /* Build configuration list for PBXNativeTarget "YouDianAdUITests" */;
			buildPhases = (
				CBE7636B21C09D3F0021DD70 /* Sources */,
				CBE7636C21C09D3F0021DD70 /* Frameworks */,
				CBE7636D21C09D3F0021DD70 /* Resources */,
			);
			buildRules = (
			);
			dependencies = (
				CBE7637121C09D3F0021DD70 /* PBXTargetDependency */,
			);
			name = YouDianAdUITests;
			productName = YouDianAdUITests;
			productReference = CBE7636F21C09D3F0021DD70 /* YouDianAdUITests.xctest */;
			productType = "com.apple.product-type.bundle.ui-testing";
		};
/* End PBXNativeTarget section */

/* Begin PBXProject section */
		CBE7634421C09D3C0021DD70 /* Project object */ = {
			isa = PBXProject;
			attributes = {
				LastUpgradeCheck = 1010;
				ORGANIZATIONNAME = YouDianAd;
				TargetAttributes = {
					CBE7634B21C09D3C0021DD70 = {
						CreatedOnToolsVersion = 10.1;
					};
					CBE7636321C09D3F0021DD70 = {
						CreatedOnToolsVersion = 10.1;
						TestTargetID = CBE7634B21C09D3C0021DD70;
					};
					CBE7636E21C09D3F0021DD70 = {
						CreatedOnToolsVersion = 10.1;
						TestTargetID = CBE7634B21C09D3C0021DD70;
					};
				};
			};
			buildConfigurationList = CBE7634721C09D3C0021DD70 /* Build configuration list for PBXProject "YouDianAd" */;
			compatibilityVersion = "Xcode 9.3";
			developmentRegion = en;
			hasScannedForEncodings = 0;
			knownRegions = (
				en,
				Base,
			);
			mainGroup = CBE7634321C09D3C0021DD70;
			productRefGroup = CBE7634D21C09D3C0021DD70 /* Products */;
			projectDirPath = "";
			projectRoot = "";
			targets = (
				CBE7634B21C09D3C0021DD70 /* YouDianAd */,
				CBE7636321C09D3F0021DD70 /* YouDianAdTests */,
				CBE7636E21C09D3F0021DD70 /* YouDianAdUITests */,
			);
		};
/* End PBXProject section */

/* Begin PBXResourcesBuildPhase section */
		CBE7634A21C09D3C0021DD70 /* Resources */ = {
			isa = PBXResourcesBuildPhase;
			buildActionMask = 2147483647;
			files = (
				CBE7638721C0AA980021DD70 /* icon.png in Resources */,
				CBE7635921C09D3E0021DD70 /* Assets.xcassets in Resources */,
			);
			runOnlyForDeploymentPostprocessing = 0;
		};
		CBE7636221C09D3F0021DD70 /* Resources */ = {
			isa = PBXResourcesBuildPhase;
			buildActionMask = 2147483647;
			files = (
			);
			runOnlyForDeploymentPostprocessing = 0;
		};
		CBE7636D21C09D3F0021DD70 /* Resources */ = {
			isa = PBXResourcesBuildPhase;
			buildActionMask = 2147483647;
			files = (
			);
			runOnlyForDeploymentPostprocessing = 0;
		};
/* End PBXResourcesBuildPhase section */

/* Begin PBXShellScriptBuildPhase section */
		DE620D23EC130332D494E1AD /* [CP] Copy Pods Resources */ = {
			isa = PBXShellScriptBuildPhase;
			buildActionMask = 2147483647;
			files = (
			);
			inputPaths = (
				"${SRCROOT}/Pods/Target Support Files/Pods-YouDianAd/Pods-YouDianAd-resources.sh",
				"${PODS_ROOT}/IQKeyboardManager/IQKeyboardManager/Resources/IQKeyboardManager.bundle",
				"${PODS_ROOT}/MJRefresh/MJRefresh/MJRefresh.bundle",
				"${PODS_ROOT}/SVProgressHUD/SVProgressHUD/SVProgressHUD.bundle",
				"${PODS_ROOT}/UMCCommonLog/UMCommonLog/UMCommonLog.bundle",
				"${PODS_ROOT}/UMCShare/UMShare/UMSocialUI/UMSocialSDKResources.bundle",
			);
			name = "[CP] Copy Pods Resources";
			outputPaths = (
				"${TARGET_BUILD_DIR}/${UNLOCALIZED_RESOURCES_FOLDER_PATH}/IQKeyboardManager.bundle",
				"${TARGET_BUILD_DIR}/${UNLOCALIZED_RESOURCES_FOLDER_PATH}/MJRefresh.bundle",
				"${TARGET_BUILD_DIR}/${UNLOCALIZED_RESOURCES_FOLDER_PATH}/SVProgressHUD.bundle",
				"${TARGET_BUILD_DIR}/${UNLOCALIZED_RESOURCES_FOLDER_PATH}/UMCommonLog.bundle",
				"${TARGET_BUILD_DIR}/${UNLOCALIZED_RESOURCES_FOLDER_PATH}/UMSocialSDKResources.bundle",
			);
			runOnlyForDeploymentPostprocessing = 0;
			shellPath = /bin/sh;
			shellScript = "\"${SRCROOT}/Pods/Target Support Files/Pods-YouDianAd/Pods-YouDianAd-resources.sh\"\n";
			showEnvVarsInLog = 0;
		};
		F4D5E57C0E0DD8FB03F56CF1 /* [CP] Check Pods Manifest.lock */ = {
			isa = PBXShellScriptBuildPhase;
			buildActionMask = 2147483647;
			files = (
			);
			inputPaths = (
				"${PODS_PODFILE_DIR_PATH}/Podfile.lock",
				"${PODS_ROOT}/Manifest.lock",
			);
			name = "[CP] Check Pods Manifest.lock";
			outputPaths = (
				"$(DERIVED_FILE_DIR)/Pods-YouDianAd-checkManifestLockResult.txt",
			);
			runOnlyForDeploymentPostprocessing = 0;
			shellPath = /bin/sh;
			shellScript = "diff \"${PODS_PODFILE_DIR_PATH}/Podfile.lock\" \"${PODS_ROOT}/Manifest.lock\" > /dev/null\nif [ $? != 0 ] ; then\n    # print error to STDERR\n    echo \"error: The sandbox is not in sync with the Podfile.lock. Run 'pod install' or update your CocoaPods installation.\" >&2\n    exit 1\nfi\n# This output is used by Xcode 'outputs' to avoid re-running this script phase.\necho \"SUCCESS\" > \"${SCRIPT_OUTPUT_FILE_0}\"\n";
			showEnvVarsInLog = 0;
		};
/* End PBXShellScriptBuildPhase section */

/* Begin PBXSourcesBuildPhase section */
		CBE7634821C09D3C0021DD70 /* Sources */ = {
			isa = PBXSourcesBuildPhase;
			buildActionMask = 2147483647;
			files = (
				CBE7639321C0D7FF0021DD70 /* HttpManager.m in Sources */,
				CBE7635F21C09D3F0021DD70 /* main.m in Sources */,
				CBE7638321C0A2EB0021DD70 /* MainViewController.m in Sources */,
				CBE7635121C09D3D0021DD70 /* AppDelegate.m in Sources */,
				CBE7639021C0B79F0021DD70 /* YDUser.m in Sources */,
			);
			runOnlyForDeploymentPostprocessing = 0;
		};
		CBE7636021C09D3F0021DD70 /* Sources */ = {
			isa = PBXSourcesBuildPhase;
			buildActionMask = 2147483647;
			files = (
				CBE7636921C09D3F0021DD70 /* YouDianAdTests.m in Sources */,
			);
			runOnlyForDeploymentPostprocessing = 0;
		};
		CBE7636B21C09D3F0021DD70 /* Sources */ = {
			isa = PBXSourcesBuildPhase;
			buildActionMask = 2147483647;
			files = (
				CBE7637421C09D3F0021DD70 /* YouDianAdUITests.m in Sources */,
			);
			runOnlyForDeploymentPostprocessing = 0;
		};
/* End PBXSourcesBuildPhase section */

/* Begin PBXTargetDependency section */
		CBE7636621C09D3F0021DD70 /* PBXTargetDependency */ = {
			isa = PBXTargetDependency;
			target = CBE7634B21C09D3C0021DD70 /* YouDianAd */;
			targetProxy = CBE7636521C09D3F0021DD70 /* PBXContainerItemProxy */;
		};
		CBE7637121C09D3F0021DD70 /* PBXTargetDependency */ = {
			isa = PBXTargetDependency;
			target = CBE7634B21C09D3C0021DD70 /* YouDianAd */;
			targetProxy = CBE7637021C09D3F0021DD70 /* PBXContainerItemProxy */;
		};
/* End PBXTargetDependency section */

/* Begin XCBuildConfiguration section */
		CBE7637621C09D3F0021DD70 /* Debug */ = {
			isa = XCBuildConfiguration;
			buildSettings = {
				ALWAYS_SEARCH_USER_PATHS = NO;
				CLANG_ANALYZER_NONNULL = YES;
				CLANG_ANALYZER_NUMBER_OBJECT_CONVERSION = YES_AGGRESSIVE;
				CLANG_CXX_LANGUAGE_STANDARD = "gnu++14";
				CLANG_CXX_LIBRARY = "libc++";
				CLANG_ENABLE_MODULES = YES;
				CLANG_ENABLE_OBJC_ARC = YES;
				CLANG_ENABLE_OBJC_WEAK = YES;
				CLANG_WARN_BLOCK_CAPTURE_AUTORELEASING = YES;
				CLANG_WARN_BOOL_CONVERSION = YES;
				CLANG_WARN_COMMA = YES;
				CLANG_WARN_CONSTANT_CONVERSION = YES;
				CLANG_WARN_DEPRECATED_OBJC_IMPLEMENTATIONS = YES;
				CLANG_WARN_DIRECT_OBJC_ISA_USAGE = YES_ERROR;
				CLANG_WARN_DOCUMENTATION_COMMENTS = YES;
				CLANG_WARN_EMPTY_BODY = YES;
				CLANG_WARN_ENUM_CONVERSION = YES;
				CLANG_WARN_INFINITE_RECURSION = YES;
				CLANG_WARN_INT_CONVERSION = YES;
				CLANG_WARN_NON_LITERAL_NULL_CONVERSION = YES;
				CLANG_WARN_OBJC_IMPLICIT_RETAIN_SELF = YES;
				CLANG_WARN_OBJC_LITERAL_CONVERSION = YES;
				CLANG_WARN_OBJC_ROOT_CLASS = YES_ERROR;
				CLANG_WARN_RANGE_LOOP_ANALYSIS = YES;
				CLANG_WARN_STRICT_PROTOTYPES = YES;
				CLANG_WARN_SUSPICIOUS_MOVE = YES;
				CLANG_WARN_UNGUARDED_AVAILABILITY = YES_AGGRESSIVE;
				CLANG_WARN_UNREACHABLE_CODE = YES;
				CLANG_WARN__DUPLICATE_METHOD_MATCH = YES;
				CODE_SIGN_IDENTITY = "iPhone Developer";
				COPY_PHASE_STRIP = NO;
				DEBUG_INFORMATION_FORMAT = dwarf;
				ENABLE_STRICT_OBJC_MSGSEND = YES;
				ENABLE_TESTABILITY = YES;
				GCC_C_LANGUAGE_STANDARD = gnu11;
				GCC_DYNAMIC_NO_PIC = NO;
				GCC_NO_COMMON_BLOCKS = YES;
				GCC_OPTIMIZATION_LEVEL = 0;
				GCC_PREPROCESSOR_DEFINITIONS = (
					"DEBUG=1",
					"$(inherited)",
				);
				GCC_WARN_64_TO_32_BIT_CONVERSION = YES;
				GCC_WARN_ABOUT_RETURN_TYPE = YES_ERROR;
				GCC_WARN_UNDECLARED_SELECTOR = YES;
				GCC_WARN_UNINITIALIZED_AUTOS = YES_AGGRESSIVE;
				GCC_WARN_UNUSED_FUNCTION = YES;
				GCC_WARN_UNUSED_VARIABLE = YES;
				IPHONEOS_DEPLOYMENT_TARGET = 12.1;
				MTL_ENABLE_DEBUG_INFO = INCLUDE_SOURCE;
				MTL_FAST_MATH = YES;
				ONLY_ACTIVE_ARCH = YES;
				SDKROOT = iphoneos;
			};
			name = Debug;
		};
		CBE7637721C09D3F0021DD70 /* Release */ = {
			isa = XCBuildConfiguration;
			buildSettings = {
				ALWAYS_SEARCH_USER_PATHS = NO;
				CLANG_ANALYZER_NONNULL = YES;
				CLANG_ANALYZER_NUMBER_OBJECT_CONVERSION = YES_AGGRESSIVE;
				CLANG_CXX_LANGUAGE_STANDARD = "gnu++14";
				CLANG_CXX_LIBRARY = "libc++";
				CLANG_ENABLE_MODULES = YES;
				CLANG_ENABLE_OBJC_ARC = YES;
				CLANG_ENABLE_OBJC_WEAK = YES;
				CLANG_WARN_BLOCK_CAPTURE_AUTORELEASING = YES;
				CLANG_WARN_BOOL_CONVERSION = YES;
				CLANG_WARN_COMMA = YES;
				CLANG_WARN_CONSTANT_CONVERSION = YES;
				CLANG_WARN_DEPRECATED_OBJC_IMPLEMENTATIONS = YES;
				CLANG_WARN_DIRECT_OBJC_ISA_USAGE = YES_ERROR;
				CLANG_WARN_DOCUMENTATION_COMMENTS = YES;
				CLANG_WARN_EMPTY_BODY = YES;
				CLANG_WARN_ENUM_CONVERSION = YES;
				CLANG_WARN_INFINITE_RECURSION = YES;
				CLANG_WARN_INT_CONVERSION = YES;
				CLANG_WARN_NON_LITERAL_NULL_CONVERSION = YES;
				CLANG_WARN_OBJC_IMPLICIT_RETAIN_SELF = YES;
				CLANG_WARN_OBJC_LITERAL_CONVERSION = YES;
				CLANG_WARN_OBJC_ROOT_CLASS = YES_ERROR;
				CLANG_WARN_RANGE_LOOP_ANALYSIS = YES;
				CLANG_WARN_STRICT_PROTOTYPES = YES;
				CLANG_WARN_SUSPICIOUS_MOVE = YES;
				CLANG_WARN_UNGUARDED_AVAILABILITY = YES_AGGRESSIVE;
				CLANG_WARN_UNREACHABLE_CODE = YES;
				CLANG_WARN__DUPLICATE_METHOD_MATCH = YES;
				CODE_SIGN_IDENTITY = "iPhone Developer";
				COPY_PHASE_STRIP = NO;
				DEBUG_INFORMATION_FORMAT = "dwarf-with-dsym";
				ENABLE_NS_ASSERTIONS = NO;
				ENABLE_STRICT_OBJC_MSGSEND = YES;
				GCC_C_LANGUAGE_STANDARD = gnu11;
				GCC_NO_COMMON_BLOCKS = YES;
				GCC_WARN_64_TO_32_BIT_CONVERSION = YES;
				GCC_WARN_ABOUT_RETURN_TYPE = YES_ERROR;
				GCC_WARN_UNDECLARED_SELECTOR = YES;
				GCC_WARN_UNINITIALIZED_AUTOS = YES_AGGRESSIVE;
				GCC_WARN_UNUSED_FUNCTION = YES;
				GCC_WARN_UNUSED_VARIABLE = YES;
				IPHONEOS_DEPLOYMENT_TARGET = 12.1;
				MTL_ENABLE_DEBUG_INFO = NO;
				MTL_FAST_MATH = YES;
				SDKROOT = iphoneos;
				VALIDATE_PRODUCT = YES;
			};
			name = Release;
		};
		CBE7637921C09D3F0021DD70 /* Debug */ = {
			isa = XCBuildConfiguration;
			baseConfigurationReference = DF929B56161CC20FD071EEAD /* Pods-YouDianAd.debug.xcconfig */;
			buildSettings = {
				ASSETCATALOG_COMPILER_APPICON_NAME = AppIcon;
				ASSETCATALOG_COMPILER_LAUNCHIMAGE_NAME = LaunchImage;
				CODE_SIGN_STYLE = Automatic;
				DEVELOPMENT_TEAM = FJMWZ37P3G;
				GCC_PRECOMPILE_PREFIX_HEADER = YES;
				GCC_PREFIX_HEADER = "$(SRCROOT)/YouDianAd/YouDian.pch";
				INFOPLIST_FILE = YouDianAd/Info.plist;
				IPHONEOS_DEPLOYMENT_TARGET = 9.0;
				LD_RUNPATH_SEARCH_PATHS = (
					"$(inherited)",
					"@executable_path/Frameworks",
				);
				PRODUCT_BUNDLE_IDENTIFIER = com.zhyell.YouDianAd;
				PRODUCT_NAME = "$(TARGET_NAME)";
				TARGETED_DEVICE_FAMILY = "1,2";
			};
			name = Debug;
		};
		CBE7637A21C09D3F0021DD70 /* Release */ = {
			isa = XCBuildConfiguration;
			baseConfigurationReference = 1AFD9DE2F13927942836AE5F /* Pods-YouDianAd.release.xcconfig */;
			buildSettings = {
				ASSETCATALOG_COMPILER_APPICON_NAME = AppIcon;
				ASSETCATALOG_COMPILER_LAUNCHIMAGE_NAME = LaunchImage;
				CODE_SIGN_STYLE = Automatic;
				DEVELOPMENT_TEAM = FJMWZ37P3G;
				GCC_PRECOMPILE_PREFIX_HEADER = YES;
				GCC_PREFIX_HEADER = "$(SRCROOT)/YouDianAd/YouDian.pch";
				INFOPLIST_FILE = YouDianAd/Info.plist;
				IPHONEOS_DEPLOYMENT_TARGET = 9.0;
				LD_RUNPATH_SEARCH_PATHS = (
					"$(inherited)",
					"@executable_path/Frameworks",
				);
				PRODUCT_BUNDLE_IDENTIFIER = com.zhyell.YouDianAd;
				PRODUCT_NAME = "$(TARGET_NAME)";
				TARGETED_DEVICE_FAMILY = "1,2";
			};
			name = Release;
		};
		CBE7637C21C09D3F0021DD70 /* Debug */ = {
			isa = XCBuildConfiguration;
			buildSettings = {
				BUNDLE_LOADER = "$(TEST_HOST)";
				CODE_SIGN_STYLE = Automatic;
				DEVELOPMENT_TEAM = FJMWZ37P3G;
				INFOPLIST_FILE = YouDianAdTests/Info.plist;
				LD_RUNPATH_SEARCH_PATHS = (
					"$(inherited)",
					"@executable_path/Frameworks",
					"@loader_path/Frameworks",
				);
				PRODUCT_BUNDLE_IDENTIFIER = com.zhyell.YouDianAdTests;
				PRODUCT_NAME = "$(TARGET_NAME)";
				TARGETED_DEVICE_FAMILY = "1,2";
				TEST_HOST = "$(BUILT_PRODUCTS_DIR)/YouDianAd.app/YouDianAd";
			};
			name = Debug;
		};
		CBE7637D21C09D3F0021DD70 /* Release */ = {
			isa = XCBuildConfiguration;
			buildSettings = {
				BUNDLE_LOADER = "$(TEST_HOST)";
				CODE_SIGN_STYLE = Automatic;
				DEVELOPMENT_TEAM = FJMWZ37P3G;
				INFOPLIST_FILE = YouDianAdTests/Info.plist;
				LD_RUNPATH_SEARCH_PATHS = (
					"$(inherited)",
					"@executable_path/Frameworks",
					"@loader_path/Frameworks",
				);
				PRODUCT_BUNDLE_IDENTIFIER = com.zhyell.YouDianAdTests;
				PRODUCT_NAME = "$(TARGET_NAME)";
				TARGETED_DEVICE_FAMILY = "1,2";
				TEST_HOST = "$(BUILT_PRODUCTS_DIR)/YouDianAd.app/YouDianAd";
			};
			name = Release;
		};
		CBE7637F21C09D3F0021DD70 /* Debug */ = {
			isa = XCBuildConfiguration;
			buildSettings = {
				CODE_SIGN_STYLE = Automatic;
				DEVELOPMENT_TEAM = FJMWZ37P3G;
				INFOPLIST_FILE = YouDianAdUITests/Info.plist;
				LD_RUNPATH_SEARCH_PATHS = (
					"$(inherited)",
					"@executable_path/Frameworks",
					"@loader_path/Frameworks",
				);
				PRODUCT_BUNDLE_IDENTIFIER = com.zhyell.YouDianAdUITests;
				PRODUCT_NAME = "$(TARGET_NAME)";
				TARGETED_DEVICE_FAMILY = "1,2";
				TEST_TARGET_NAME = YouDianAd;
			};
			name = Debug;
		};
		CBE7638021C09D3F0021DD70 /* Release */ = {
			isa = XCBuildConfiguration;
			buildSettings = {
				CODE_SIGN_STYLE = Automatic;
				DEVELOPMENT_TEAM = FJMWZ37P3G;
				INFOPLIST_FILE = YouDianAdUITests/Info.plist;
				LD_RUNPATH_SEARCH_PATHS = (
					"$(inherited)",
					"@executable_path/Frameworks",
					"@loader_path/Frameworks",
				);
				PRODUCT_BUNDLE_IDENTIFIER = com.zhyell.YouDianAdUITests;
				PRODUCT_NAME = "$(TARGET_NAME)";
				TARGETED_DEVICE_FAMILY = "1,2";
				TEST_TARGET_NAME = YouDianAd;
			};
			name = Release;
		};
/* End XCBuildConfiguration section */

/* Begin XCConfigurationList section */
		CBE7634721C09D3C0021DD70 /* Build configuration list for PBXProject "YouDianAd" */ = {
			isa = XCConfigurationList;
			buildConfigurations = (
				CBE7637621C09D3F0021DD70 /* Debug */,
				CBE7637721C09D3F0021DD70 /* Release */,
			);
			defaultConfigurationIsVisible = 0;
			defaultConfigurationName = Release;
		};
		CBE7637821C09D3F0021DD70 /* Build configuration list for PBXNativeTarget "YouDianAd" */ = {
			isa = XCConfigurationList;
			buildConfigurations = (
				CBE7637921C09D3F0021DD70 /* Debug */,
				CBE7637A21C09D3F0021DD70 /* Release */,
			);
			defaultConfigurationIsVisible = 0;
			defaultConfigurationName = Release;
		};
		CBE7637B21C09D3F0021DD70 /* Build configuration list for PBXNativeTarget "YouDianAdTests" */ = {
			isa = XCConfigurationList;
			buildConfigurations = (
				CBE7637C21C09D3F0021DD70 /* Debug */,
				CBE7637D21C09D3F0021DD70 /* Release */,
			);
			defaultConfigurationIsVisible = 0;
			defaultConfigurationName = Release;
		};
		CBE7637E21C09D3F0021DD70 /* Build configuration list for PBXNativeTarget "YouDianAdUITests" */ = {
			isa = XCConfigurationList;
			buildConfigurations = (
				CBE7637F21C09D3F0021DD70 /* Debug */,
				CBE7638021C09D3F0021DD70 /* Release */,
			);
			defaultConfigurationIsVisible = 0;
			defaultConfigurationName = Release;
		};
/* End XCConfigurationList section */
	};
	rootObject = CBE7634421C09D3C0021DD70 /* Project object */;
}
